// !$*UTF8*$!
{
	archiveVersion = 1;
	classes = {
	};
	objectVersion = 50;
	objects = {

/* Begin PBXBuildFile section */
		C38F38042705A82400B19206 /* AppDelegate.swift in Sources */ = {isa = PBXBuildFile; fileRef = C38F38032705A82400B19206 /* AppDelegate.swift */; };
		C38F38062705A82400B19206 /* SceneDelegate.swift in Sources */ = {isa = PBXBuildFile; fileRef = C38F38052705A82400B19206 /* SceneDelegate.swift */; };
		C38F38082705A82400B19206 /* ViewController.swift in Sources */ = {isa = PBXBuildFile; fileRef = C38F38072705A82400B19206 /* ViewController.swift */; };
		C38F380B2705A82400B19206 /* Main.storyboard in Resources */ = {isa = PBXBuildFile; fileRef = C38F38092705A82400B19206 /* Main.storyboard */; };
		C38F380D2705A82400B19206 /* Assets.xcassets in Resources */ = {isa = PBXBuildFile; fileRef = C38F380C2705A82400B19206 /* Assets.xcassets */; };
		C38F38102705A82400B19206 /* LaunchScreen.storyboard in Resources */ = {isa = PBXBuildFile; fileRef = C38F380E2705A82400B19206 /* LaunchScreen.storyboard */; };
		C38F381B2705A82400B19206 /* AssignmentOSQuizTests.swift in Sources */ = {isa = PBXBuildFile; fileRef = C38F381A2705A82400B19206 /* AssignmentOSQuizTests.swift */; };
		C38F38262705A82400B19206 /* AssignmentOSQuizUITests.swift in Sources */ = {isa = PBXBuildFile; fileRef = C38F38252705A82400B19206 /* AssignmentOSQuizUITests.swift */; };
/* End PBXBuildFile section */

/* Begin PBXContainerItemProxy section */
		C38F38172705A82400B19206 /* PBXContainerItemProxy */ = {
			isa = PBXContainerItemProxy;
			containerPortal = C38F37F82705A82400B19206 /* Project object */;
			proxyType = 1;
			remoteGlobalIDString = C38F37FF2705A82400B19206;
			remoteInfo = AssignmentOSQuiz;
		};
		C38F38222705A82400B19206 /* PBXContainerItemProxy */ = {
			isa = PBXContainerItemProxy;
			containerPortal = C38F37F82705A82400B19206 /* Project object */;
			proxyType = 1;
			remoteGlobalIDString = C38F37FF2705A82400B19206;
			remoteInfo = AssignmentOSQuiz;
		};
/* End PBXContainerItemProxy section */

/* Begin PBXFileReference section */
		C38F38002705A82400B19206 /* AssignmentOSQuiz.app */ = {isa = PBXFileReference; explicitFileType = wrapper.application; includeInIndex = 0; path = AssignmentOSQuiz.app; sourceTree = BUILT_PRODUCTS_DIR; };
		C38F38032705A82400B19206 /* AppDelegate.swift */ = {isa = PBXFileReference; lastKnownFileType = sourcecode.swift; path = AppDelegate.swift; sourceTree = "<group>"; };
		C38F38052705A82400B19206 /* SceneDelegate.swift */ = {isa = PBXFileReference; lastKnownFileType = sourcecode.swift; path = SceneDelegate.swift; sourceTree = "<group>"; };
		C38F38072705A82400B19206 /* ViewController.swift */ = {isa = PBXFileReference; lastKnownFileType = sourcecode.swift; path = ViewController.swift; sourceTree = "<group>"; };
		C38F380A2705A82400B19206 /* Base */ = {isa = PBXFileReference; lastKnownFileType = file.storyboard; name = Base; path = Base.lproj/Main.storyboard; sourceTree = "<group>"; };
		C38F380C2705A82400B19206 /* Assets.xcassets */ = {isa = PBXFileReference; lastKnownFileType = folder.assetcatalog; path = Assets.xcassets; sourceTree = "<group>"; };
		C38F380F2705A82400B19206 /* Base */ = {isa = PBXFileReference; lastKnownFileType = file.storyboard; name = Base; path = Base.lproj/LaunchScreen.storyboard; sourceTree = "<group>"; };
		C38F38112705A82400B19206 /* Info.plist */ = {isa = PBXFileReference; lastKnownFileType = text.plist.xml; path = Info.plist; sourceTree = "<group>"; };
		C38F38162705A82400B19206 /* AssignmentOSQuizTests.xctest */ = {isa = PBXFileReference; explicitFileType = wrapper.cfbundle; includeInIndex = 0; path = AssignmentOSQuizTests.xctest; sourceTree = BUILT_PRODUCTS_DIR; };
		C38F381A2705A82400B19206 /* AssignmentOSQuizTests.swift */ = {isa = PBXFileReference; lastKnownFileType = sourcecode.swift; path = AssignmentOSQuizTests.swift; sourceTree = "<group>"; };
		C38F381C2705A82400B19206 /* Info.plist */ = {isa = PBXFileReference; lastKnownFileType = text.plist.xml; path = Info.plist; sourceTree = "<group>"; };
		C38F38212705A82400B19206 /* AssignmentOSQuizUITests.xctest */ = {isa = PBXFileReference; explicitFileType = wrapper.cfbundle; includeInIndex = 0; path = AssignmentOSQuizUITests.xctest; sourceTree = BUILT_PRODUCTS_DIR; };
		C38F38252705A82400B19206 /* AssignmentOSQuizUITests.swift */ = {isa = PBXFileReference; lastKnownFileType = sourcecode.swift; path = AssignmentOSQuizUITests.swift; sourceTree = "<group>"; };
		C38F38272705A82400B19206 /* Info.plist */ = {isa = PBXFileReference; lastKnownFileType = text.plist.xml; path = Info.plist; sourceTree = "<group>"; };
/* End PBXFileReference section */

/* Begin PBXFrameworksBuildPhase section */
		C38F37FD2705A82400B19206 /* Frameworks */ = {
			isa = PBXFrameworksBuildPhase;
			buildActionMask = 2147483647;
			files = (
			);
			runOnlyForDeploymentPostprocessing = 0;
		};
		C38F38132705A82400B19206 /* Frameworks */ = {
			isa = PBXFrameworksBuildPhase;
			buildActionMask = 2147483647;
			files = (
			);
			runOnlyForDeploymentPostprocessing = 0;
		};
		C38F381E2705A82400B19206 /* Frameworks */ = {
			isa = PBXFrameworksBuildPhase;
			buildActionMask = 2147483647;
			files = (
			);
			runOnlyForDeploymentPostprocessing = 0;
		};
/* End PBXFrameworksBuildPhase section */

/* Begin PBXGroup section */
		C38F37F72705A82400B19206 = {
			isa = PBXGroup;
			children = (
				C38F38022705A82400B19206 /* AssignmentOSQuiz */,
				C38F38192705A82400B19206 /* AssignmentOSQuizTests */,
				C38F38242705A82400B19206 /* AssignmentOSQuizUITests */,
				C38F38012705A82400B19206 /* Products */,
			);
			sourceTree = "<group>";
		};
		C38F38012705A82400B19206 /* Products */ = {
			isa = PBXGroup;
			children = (
				C38F38002705A82400B19206 /* AssignmentOSQuiz.app */,
				C38F38162705A82400B19206 /* AssignmentOSQuizTests.xctest */,
				C38F38212705A82400B19206 /* AssignmentOSQuizUITests.xctest */,
			);
			name = Products;
			sourceTree = "<group>";
		};
		C38F38022705A82400B19206 /* AssignmentOSQuiz */ = {
			isa = PBXGroup;
			children = (
				C38F38032705A82400B19206 /* AppDelegate.swift */,
				C38F38052705A82400B19206 /* SceneDelegate.swift */,
				C38F38072705A82400B19206 /* ViewController.swift */,
				C38F38092705A82400B19206 /* Main.storyboard */,
				C38F380C2705A82400B19206 /* Assets.xcassets */,
				C38F380E2705A82400B19206 /* LaunchScreen.storyboard */,
				C38F38112705A82400B19206 /* Info.plist */,
			);
			path = AssignmentOSQuiz;
			sourceTree = "<group>";
		};
		C38F38192705A82400B19206 /* AssignmentOSQuizTests */ = {
			isa = PBXGroup;
			children = (
				C38F381A2705A82400B19206 /* AssignmentOSQuizTests.swift */,
				C38F381C2705A82400B19206 /* Info.plist */,
			);
			path = AssignmentOSQuizTests;
			sourceTree = "<group>";
		};
		C38F38242705A82400B19206 /* AssignmentOSQuizUITests */ = {
			isa = PBXGroup;
			children = (
				C38F38252705A82400B19206 /* AssignmentOSQuizUITests.swift */,
				C38F38272705A82400B19206 /* Info.plist */,
			);
			path = AssignmentOSQuizUITests;
			sourceTree = "<group>";
		};
/* End PBXGroup section */

/* Begin PBXNativeTarget section */
		C38F37FF2705A82400B19206 /* AssignmentOSQuiz */ = {
			isa = PBXNativeTarget;
			buildConfigurationList = C38F382A2705A82400B19206 /* Build configuration list for PBXNativeTarget "AssignmentOSQuiz" */;
			buildPhases = (
				C38F37FC2705A82400B19206 /* Sources */,
				C38F37FD2705A82400B19206 /* Frameworks */,
				C38F37FE2705A82400B19206 /* Resources */,
			);
			buildRules = (
			);
			dependencies = (
			);
			name = AssignmentOSQuiz;
			productName = AssignmentOSQuiz;
			productReference = C38F38002705A82400B19206 /* AssignmentOSQuiz.app */;
			productType = "com.apple.product-type.application";
		};
		C38F38152705A82400B19206 /* AssignmentOSQuizTests */ = {
			isa = PBXNativeTarget;
			buildConfigurationList = C38F382D2705A82400B19206 /* Build configuration list for PBXNativeTarget "AssignmentOSQuizTests" */;
			buildPhases = (
				C38F38122705A82400B19206 /* Sources */,
				C38F38132705A82400B19206 /* Frameworks */,
				C38F38142705A82400B19206 /* Resources */,
			);
			buildRules = (
			);
			dependencies = (
				C38F38182705A82400B19206 /* PBXTargetDependency */,
			);
			name = AssignmentOSQuizTests;
			productName = AssignmentOSQuizTests;
			productReference = C38F38162705A82400B19206 /* AssignmentOSQuizTests.xctest */;
			productType = "com.apple.product-type.bundle.unit-test";
		};
		C38F38202705A82400B19206 /* AssignmentOSQuizUITests */ = {
			isa = PBXNativeTarget;
			buildConfigurationList = C38F38302705A82400B19206 /* Build configuration list for PBXNativeTarget "AssignmentOSQuizUITests" */;
			buildPhases = (
				C38F381D2705A82400B19206 /* Sources */,
				C38F381E2705A82400B19206 /* Frameworks */,
				C38F381F2705A82400B19206 /* Resources */,
			);
			buildRules = (
			);
			dependencies = (
				C38F38232705A82400B19206 /* PBXTargetDependency */,
			);
			name = AssignmentOSQuizUITests;
			productName = AssignmentOSQuizUITests;
			productReference = C38F38212705A82400B19206 /* AssignmentOSQuizUITests.xctest */;
			productType = "com.apple.product-type.bundle.ui-testing";
		};
/* End PBXNativeTarget section */

/* Begin PBXProject section */
		C38F37F82705A82400B19206 /* Project object */ = {
			isa = PBXProject;
			attributes = {
				LastSwiftUpdateCheck = 1250;
				LastUpgradeCheck = 1250;
				TargetAttributes = {
					C38F37FF2705A82400B19206 = {
						CreatedOnToolsVersion = 12.5.1;
					};
					C38F38152705A82400B19206 = {
						CreatedOnToolsVersion = 12.5.1;
						TestTargetID = C38F37FF2705A82400B19206;
					};
					C38F38202705A82400B19206 = {
						CreatedOnToolsVersion = 12.5.1;
						TestTargetID = C38F37FF2705A82400B19206;
					};
				};
			};
			buildConfigurationList = C38F37FB2705A82400B19206 /* Build configuration list for PBXProject "AssignmentOSQuiz" */;
			compatibilityVersion = "Xcode 9.3";
			developmentRegion = en;
			hasScannedForEncodings = 0;
			knownRegions = (
				en,
				Base,
			);
			mainGroup = C38F37F72705A82400B19206;
			productRefGroup = C38F38012705A82400B19206 /* Products */;
			projectDirPath = "";
			projectRoot = "";
			targets = (
				C38F37FF2705A82400B19206 /* AssignmentOSQuiz */,
				C38F38152705A82400B19206 /* AssignmentOSQuizTests */,
				C38F38202705A82400B19206 /* AssignmentOSQuizUITests */,
			);
		};
/* End PBXProject section */

/* Begin PBXResourcesBuildPhase section */
		C38F37FE2705A82400B19206 /* Resources */ = {
			isa = PBXResourcesBuildPhase;
			buildActionMask = 2147483647;
			files = (
				C38F38102705A82400B19206 /* LaunchScreen.storyboard in Resources */,
				C38F380D2705A82400B19206 /* Assets.xcassets in Resources */,
				C38F380B2705A82400B19206 /* Main.storyboard in Resources */,
			);
			runOnlyForDeploymentPostprocessing = 0;
		};
		C38F38142705A82400B19206 /* Resources */ = {
			isa = PBXResourcesBuildPhase;
			buildActionMask = 2147483647;
			files = (
			);
			runOnlyForDeploymentPostprocessing = 0;
		};
		C38F381F2705A82400B19206 /* Resources */ = {
			isa = PBXResourcesBuildPhase;
			buildActionMask = 2147483647;
			files = (
			);
			runOnlyForDeploymentPostprocessing = 0;
		};
/* End PBXResourcesBuildPhase section */

/* Begin PBXSourcesBuildPhase section */
		C38F37FC2705A82400B19206 /* Sources */ = {
			isa = PBXSourcesBuildPhase;
			buildActionMask = 2147483647;
			files = (
				C38F38082705A82400B19206 /* ViewController.swift in Sources */,
				C38F38042705A82400B19206 /* AppDelegate.swift in Sources */,
				C38F38062705A82400B19206 /* SceneDelegate.swift in Sources */,
			);
			runOnlyForDeploymentPostprocessing = 0;
		};
		C38F38122705A82400B19206 /* Sources */ = {
			isa = PBXSourcesBuildPhase;
			buildActionMask = 2147483647;
			files = (
				C38F381B2705A82400B19206 /* AssignmentOSQuizTests.swift in Sources */,
			);
			runOnlyForDeploymentPostprocessing = 0;
		};
		C38F381D2705A82400B19206 /* Sources */ = {
			isa = PBXSourcesBuildPhase;
			buildActionMask = 2147483647;
			files = (
				C38F38262705A82400B19206 /* AssignmentOSQuizUITests.swift in Sources */,
			);
			runOnlyForDeploymentPostprocessing = 0;
		};
/* End PBXSourcesBuildPhase section */

/* Begin PBXTargetDependency section */
		C38F38182705A82400B19206 /* PBXTargetDependency */ = {
			isa = PBXTargetDependency;
			target = C38F37FF2705A82400B19206 /* AssignmentOSQuiz */;
			targetProxy = C38F38172705A82400B19206 /* PBXContainerItemProxy */;
		};
		C38F38232705A82400B19206 /* PBXTargetDependency */ = {
			isa = PBXTargetDependency;
			target = C38F37FF2705A82400B19206 /* AssignmentOSQuiz */;
			targetProxy = C38F38222705A82400B19206 /* PBXContainerItemProxy */;
		};
/* End PBXTargetDependency section */

/* Begin PBXVariantGroup section */
		C38F38092705A82400B19206 /* Main.storyboard */ = {
			isa = PBXVariantGroup;
			children = (
				C38F380A2705A82400B19206 /* Base */,
			);
			name = Main.storyboard;
			sourceTree = "<group>";
		};
		C38F380E2705A82400B19206 /* LaunchScreen.storyboard */ = {
			isa = PBXVariantGroup;
			children = (
				C38F380F2705A82400B19206 /* Base */,
			);
			name = LaunchScreen.storyboard;
			sourceTree = "<group>";
		};
/* End PBXVariantGroup section */

/* Begin XCBuildConfiguration section */
		C38F38282705A82400B19206 /* Debug */ = {
			isa = XCBuildConfiguration;
			buildSettings = {
				ALWAYS_SEARCH_USER_PATHS = NO;
				CLANG_ANALYZER_NONNULL = YES;
				CLANG_ANALYZER_NUMBER_OBJECT_CONVERSION = YES_AGGRESSIVE;
				CLANG_CXX_LANGUAGE_STANDARD = "gnu++14";
				CLANG_CXX_LIBRARY = "libc++";
				CLANG_ENABLE_MODULES = YES;
				CLANG_ENABLE_OBJC_ARC = YES;
				CLANG_ENABLE_OBJC_WEAK = YES;
				CLANG_WARN_BLOCK_CAPTURE_AUTORELEASING = YES;
				CLANG_WARN_BOOL_CONVERSION = YES;
				CLANG_WARN_COMMA = YES;
				CLANG_WARN_CONSTANT_CONVERSION = YES;
				CLANG_WARN_DEPRECATED_OBJC_IMPLEMENTATIONS = YES;
				CLANG_WARN_DIRECT_OBJC_ISA_USAGE = YES_ERROR;
				CLANG_WARN_DOCUMENTATION_COMMENTS = YES;
				CLANG_WARN_EMPTY_BODY = YES;
				CLANG_WARN_ENUM_CONVERSION = YES;
				CLANG_WARN_INFINITE_RECURSION = YES;
				CLANG_WARN_INT_CONVERSION = YES;
				CLANG_WARN_NON_LITERAL_NULL_CONVERSION = YES;
				CLANG_WARN_OBJC_IMPLICIT_RETAIN_SELF = YES;
				CLANG_WARN_OBJC_LITERAL_CONVERSION = YES;
				CLANG_WARN_OBJC_ROOT_CLASS = YES_ERROR;
				CLANG_WARN_QUOTED_INCLUDE_IN_FRAMEWORK_HEADER = YES;
				CLANG_WARN_RANGE_LOOP_ANALYSIS = YES;
				CLANG_WARN_STRICT_PROTOTYPES = YES;
				CLANG_WARN_SUSPICIOUS_MOVE = YES;
				CLANG_WARN_UNGUARDED_AVAILABILITY = YES_AGGRESSIVE;
				CLANG_WARN_UNREACHABLE_CODE = YES;
				CLANG_WARN__DUPLICATE_METHOD_MATCH = YES;
				COPY_PHASE_STRIP = NO;
				DEBUG_INFORMATION_FORMAT = dwarf;
				ENABLE_STRICT_OBJC_MSGSEND = YES;
				ENABLE_TESTABILITY = YES;
				GCC_C_LANGUAGE_STANDARD = gnu11;
				GCC_DYNAMIC_NO_PIC = NO;
				GCC_NO_COMMON_BLOCKS = YES;
				GCC_OPTIMIZATION_LEVEL = 0;
				GCC_PREPROCESSOR_DEFINITIONS = (
					"DEBUG=1",
					"$(inherited)",
				);
				GCC_WARN_64_TO_32_BIT_CONVERSION = YES;
				GCC_WARN_ABOUT_RETURN_TYPE = YES_ERROR;
				GCC_WARN_UNDECLARED_SELECTOR = YES;
				GCC_WARN_UNINITIALIZED_AUTOS = YES_AGGRESSIVE;
				GCC_WARN_UNUSED_FUNCTION = YES;
				GCC_WARN_UNUSED_VARIABLE = YES;
				IPHONEOS_DEPLOYMENT_TARGET = 14.5;
				MTL_ENABLE_DEBUG_INFO = INCLUDE_SOURCE;
				MTL_FAST_MATH = YES;
				ONLY_ACTIVE_ARCH = YES;
				SDKROOT = iphoneos;
				SWIFT_ACTIVE_COMPILATION_CONDITIONS = DEBUG;
				SWIFT_OPTIMIZATION_LEVEL = "-Onone";
			};
			name = Debug;
		};
		C38F38292705A82400B19206 /* Release */ = {
			isa = XCBuildConfiguration;
			buildSettings = {
				ALWAYS_SEARCH_USER_PATHS = NO;
				CLANG_ANALYZER_NONNULL = YES;
				CLANG_ANALYZER_NUMBER_OBJECT_CONVERSION = YES_AGGRESSIVE;
				CLANG_CXX_LANGUAGE_STANDARD = "gnu++14";
				CLANG_CXX_LIBRARY = "libc++";
				CLANG_ENABLE_MODULES = YES;
				CLANG_ENABLE_OBJC_ARC = YES;
				CLANG_ENABLE_OBJC_WEAK = YES;
				CLANG_WARN_BLOCK_CAPTURE_AUTORELEASING = YES;
				CLANG_WARN_BOOL_CONVERSION = YES;
				CLANG_WARN_COMMA = YES;
				CLANG_WARN_CONSTANT_CONVERSION = YES;
				CLANG_WARN_DEPRECATED_OBJC_IMPLEMENTATIONS = YES;
				CLANG_WARN_DIRECT_OBJC_ISA_USAGE = YES_ERROR;
				CLANG_WARN_DOCUMENTATION_COMMENTS = YES;
				CLANG_WARN_EMPTY_BODY = YES;
				CLANG_WARN_ENUM_CONVERSION = YES;
				CLANG_WARN_INFINITE_RECURSION = YES;
				CLANG_WARN_INT_CONVERSION = YES;
				CLANG_WARN_NON_LITERAL_NULL_CONVERSION = YES;
				CLANG_WARN_OBJC_IMPLICIT_RETAIN_SELF = YES;
				CLANG_WARN_OBJC_LITERAL_CONVERSION = YES;
				CLANG_WARN_OBJC_ROOT_CLASS = YES_ERROR;
				CLANG_WARN_QUOTED_INCLUDE_IN_FRAMEWORK_HEADER = YES;
				CLANG_WARN_RANGE_LOOP_ANALYSIS = YES;
				CLANG_WARN_STRICT_PROTOTYPES = YES;
				CLANG_WARN_SUSPICIOUS_MOVE = YES;
				CLANG_WARN_UNGUARDED_AVAILABILITY = YES_AGGRESSIVE;
				CLANG_WARN_UNREACHABLE_CODE = YES;
				CLANG_WARN__DUPLICATE_METHOD_MATCH = YES;
				COPY_PHASE_STRIP = NO;
				DEBUG_INFORMATION_FORMAT = "dwarf-with-dsym";
				ENABLE_NS_ASSERTIONS = NO;
				ENABLE_STRICT_OBJC_MSGSEND = YES;
				GCC_C_LANGUAGE_STANDARD = gnu11;
				GCC_NO_COMMON_BLOCKS = YES;
				GCC_WARN_64_TO_32_BIT_CONVERSION = YES;
				GCC_WARN_ABOUT_RETURN_TYPE = YES_ERROR;
				GCC_WARN_UNDECLARED_SELECTOR = YES;
				GCC_WARN_UNINITIALIZED_AUTOS = YES_AGGRESSIVE;
				GCC_WARN_UNUSED_FUNCTION = YES;
				GCC_WARN_UNUSED_VARIABLE = YES;
				IPHONEOS_DEPLOYMENT_TARGET = 14.5;
				MTL_ENABLE_DEBUG_INFO = NO;
				MTL_FAST_MATH = YES;
				SDKROOT = iphoneos;
				SWIFT_COMPILATION_MODE = wholemodule;
				SWIFT_OPTIMIZATION_LEVEL = "-O";
				VALIDATE_PRODUCT = YES;
			};
			name = Release;
		};
		C38F382B2705A82400B19206 /* Debug */ = {
			isa = XCBuildConfiguration;
			buildSettings = {
				ASSETCATALOG_COMPILER_APPICON_NAME = AppIcon;
				ASSETCATALOG_COMPILER_GLOBAL_ACCENT_COLOR_NAME = AccentColor;
				CODE_SIGN_STYLE = Automatic;
				INFOPLIST_FILE = AssignmentOSQuiz/Info.plist;
				LD_RUNPATH_SEARCH_PATHS = (
					"$(inherited)",
					"@executable_path/Frameworks",
				);
				PRODUCT_BUNDLE_IDENTIFIER = com.shuaa.Assiment.AssignmentOSQuiz;
				PRODUCT_NAME = "$(TARGET_NAME)";
				SWIFT_VERSION = 5.0;
				TARGETED_DEVICE_FAMILY = "1,2";
			};
			name = Debug;
		};
		C38F382C2705A82400B19206 /* Release */ = {
			isa = XCBuildConfiguration;
			buildSettings = {
				ASSETCATALOG_COMPILER_APPICON_NAME = AppIcon;
				ASSETCATALOG_COMPILER_GLOBAL_ACCENT_COLOR_NAME = AccentColor;
				CODE_SIGN_STYLE = Automatic;
				INFOPLIST_FILE = AssignmentOSQuiz/Info.plist;
				LD_RUNPATH_SEARCH_PATHS = (
					"$(inherited)",
					"@executable_path/Frameworks",
				);
				PRODUCT_BUNDLE_IDENTIFIER = com.shuaa.Assiment.AssignmentOSQuiz;
				PRODUCT_NAME = "$(TARGET_NAME)";
				SWIFT_VERSION = 5.0;
				TARGETED_DEVICE_FAMILY = "1,2";
			};
			name = Release;
		};
		C38F382E2705A82400B19206 /* Debug */ = {
			isa = XCBuildConfiguration;
			buildSettings = {
				ALWAYS_EMBED_SWIFT_STANDARD_LIBRARIES = YES;
				BUNDLE_LOADER = "$(TEST_HOST)";
				CODE_SIGN_STYLE = Automatic;
				INFOPLIST_FILE = AssignmentOSQuizTests/Info.plist;
				IPHONEOS_DEPLOYMENT_TARGET = 14.5;
				LD_RUNPATH_SEARCH_PATHS = (
					"$(inherited)",
					"@executable_path/Frameworks",
					"@loader_path/Frameworks",
				);
				PRODUCT_BUNDLE_IDENTIFIER = com.shuaa.Assiment.AssignmentOSQuizTests;
				PRODUCT_NAME = "$(TARGET_NAME)";
				SWIFT_VERSION = 5.0;
				TARGETED_DEVICE_FAMILY = "1,2";
				TEST_HOST = "$(BUILT_PRODUCTS_DIR)/AssignmentOSQuiz.app/AssignmentOSQuiz";
			};
			name = Debug;
		};
		C38F382F2705A82400B19206 /* Release */ = {
			isa = XCBuildConfiguration;
			buildSettings = {
				ALWAYS_EMBED_SWIFT_STANDARD_LIBRARIES = YES;
				BUNDLE_LOADER = "$(TEST_HOST)";
				CODE_SIGN_STYLE = Automatic;
				INFOPLIST_FILE = AssignmentOSQuizTests/Info.plist;
				IPHONEOS_DEPLOYMENT_TARGET = 14.5;
				LD_RUNPATH_SEARCH_PATHS = (
					"$(inherited)",
					"@executable_path/Frameworks",
					"@loader_path/Frameworks",
				);
				PRODUCT_BUNDLE_IDENTIFIER = com.shuaa.Assiment.AssignmentOSQuizTests;
				PRODUCT_NAME = "$(TARGET_NAME)";
				SWIFT_VERSION = 5.0;
				TARGETED_DEVICE_FAMILY = "1,2";
				TEST_HOST = "$(BUILT_PRODUCTS_DIR)/AssignmentOSQuiz.app/AssignmentOSQuiz";
			};
			name = Release;
		};
		C38F38312705A82400B19206 /* Debug */ = {
			isa = XCBuildConfiguration;
			buildSettings = {
				ALWAYS_EMBED_SWIFT_STANDARD_LIBRARIES = YES;
				CODE_SIGN_STYLE = Automatic;
				INFOPLIST_FILE = AssignmentOSQuizUITests/Info.plist;
				LD_RUNPATH_SEARCH_PATHS = (
					"$(inherited)",
					"@executable_path/Frameworks",
					"@loader_path/Frameworks",
				);
				PRODUCT_BUNDLE_IDENTIFIER = com.shuaa.Assiment.AssignmentOSQuizUITests;
				PRODUCT_NAME = "$(TARGET_NAME)";
				SWIFT_VERSION = 5.0;
				TARGETED_DEVICE_FAMILY = "1,2";
				TEST_TARGET_NAME = AssignmentOSQuiz;
			};
			name = Debug;
		};
		C38F38322705A82400B19206 /* Release */ = {
			isa = XCBuildConfiguration;
			buildSettings = {
				ALWAYS_EMBED_SWIFT_STANDARD_LIBRARIES = YES;
				CODE_SIGN_STYLE = Automatic;
				INFOPLIST_FILE = AssignmentOSQuizUITests/Info.plist;
				LD_RUNPATH_SEARCH_PATHS = (
					"$(inherited)",
					"@executable_path/Frameworks",
					"@loader_path/Frameworks",
				);
				PRODUCT_BUNDLE_IDENTIFIER = com.shuaa.Assiment.AssignmentOSQuizUITests;
				PRODUCT_NAME = "$(TARGET_NAME)";
				SWIFT_VERSION = 5.0;
				TARGETED_DEVICE_FAMILY = "1,2";
				TEST_TARGET_NAME = AssignmentOSQuiz;
			};
			name = Release;
		};
/* End XCBuildConfiguration section */

/* Begin XCConfigurationList section */
		C38F37FB2705A82400B19206 /* Build configuration list for PBXProject "AssignmentOSQuiz" */ = {
			isa = XCConfigurationList;
			buildConfigurations = (
				C38F38282705A82400B19206 /* Debug */,
				C38F38292705A82400B19206 /* Release */,
			);
			defaultConfigurationIsVisible = 0;
			defaultConfigurationName = Release;
		};
		C38F382A2705A82400B19206 /* Build configuration list for PBXNativeTarget "AssignmentOSQuiz" */ = {
			isa = XCConfigurationList;
			buildConfigurations = (
				C38F382B2705A82400B19206 /* Debug */,
				C38F382C2705A82400B19206 /* Release */,
			);
			defaultConfigurationIsVisible = 0;
			defaultConfigurationName = Release;
		};
		C38F382D2705A82400B19206 /* Build configuration list for PBXNativeTarget "AssignmentOSQuizTests" */ = {
			isa = XCConfigurationList;
			buildConfigurations = (
				C38F382E2705A82400B19206 /* Debug */,
				C38F382F2705A82400B19206 /* Release */,
			);
			defaultConfigurationIsVisible = 0;
			defaultConfigurationName = Release;
		};
		C38F38302705A82400B19206 /* Build configuration list for PBXNativeTarget "AssignmentOSQuizUITests" */ = {
			isa = XCConfigurationList;
			buildConfigurations = (
				C38F38312705A82400B19206 /* Debug */,
				C38F38322705A82400B19206 /* Release */,
			);
			defaultConfigurationIsVisible = 0;
			defaultConfigurationName = Release;
		};
/* End XCConfigurationList section */
	};
	rootObject = C38F37F82705A82400B19206 /* Project object */;
}
